
Microsoft Visual Studio Solution File, Format Version 12.00
# Visual Studio 15
VisualStudioVersion = 15.0.28010.2046
MinimumVisualStudioVersion = 10.0.40219.1
Project("{9A19103F-16F7-4668-BE54-9A1E7A4F7556}") = "NHibernate.FullText", "NHibernate.FullText\NHibernate.FullText.csproj", "{C60988AC-983F-4892-B676-C01112D7ABBF}"
EndProject
Project("{9A19103F-16F7-4668-BE54-9A1E7A4F7556}") = "Tests.NHibernate.Fulltext", "Tests.NHibernate.Fulltext\Tests.NHibernate.Fulltext.csproj", "{23B94293-83E9-48B2-B06A-40D657B7059D}"
EndProject
Global
	GlobalSection(SolutionConfigurationPlatforms) = preSolution
		Debug|Any CPU = Debug|Any CPU
		Release|Any CPU = Release|Any CPU
	EndGlobalSection
	GlobalSection(ProjectConfigurationPlatforms) = postSolution
		{C60988AC-983F-4892-B676-C01112D7ABBF}.Debug|Any CPU.ActiveCfg = Debug|Any CPU
		{C60988AC-983F-4892-B676-C01112D7ABBF}.Debug|Any CPU.Build.0 = Debug|Any CPU
		{C60988AC-983F-4892-B676-C01112D7ABBF}.Release|Any CPU.ActiveCfg = Release|Any CPU
		{C60988AC-983F-4892-B676-C01112D7ABBF}.Release|Any CPU.Build.0 = Release|Any CPU
		{23B94293-83E9-48B2-B06A-40D657B7059D}.Debug|Any CPU.ActiveCfg = Debug|Any CPU
		{23B94293-83E9-48B2-B06A-40D657B7059D}.Debug|Any CPU.Build.0 = Debug|Any CPU
		{23B94293-83E9-48B2-B06A-40D657B7059D}.Release|Any CPU.ActiveCfg = Release|Any CPU
		{23B94293-83E9-48B2-B06A-40D657B7059D}.Release|Any CPU.Build.0 = Release|Any CPU
	EndGlobalSection
	GlobalSection(SolutionProperties) = preSolution
		HideSolutionNode = FALSE
	EndGlobalSection
	GlobalSection(ExtensibilityGlobals) = postSolution
		SolutionGuid = {50897127-F86B-4D0B-968D-A6DA1F58BA86}
	EndGlobalSection
EndGlobal
